
Microsoft Visual Studio Solution File, Format Version 12.00
# Visual Studio Version 16
VisualStudioVersion = 16.0.29609.76
MinimumVisualStudioVersion = 10.0.40219.1
Project("{FAE04EC0-301F-11D3-BF4B-00C04F79EFBC}") = "RayCastingDemo", "RayCastingDemo\RayCastingDemo.csproj", "{401F3A25-ECE0-4705-88FC-EEA55369395D}"
EndProject
Global
	GlobalSection(SolutionConfigurationPlatforms) = preSolution
		Debug|Any CPU = Debug|Any CPU
		Release|Any CPU = Release|Any CPU
	EndGlobalSection
	GlobalSection(ProjectConfigurationPlatforms) = postSolution
		{401F3A25-ECE0-4705-88FC-EEA55369395D}.Debug|Any CPU.ActiveCfg = Debug|Any CPU
		{401F3A25-ECE0-4705-88FC-EEA55369395D}.Debug|Any CPU.Build.0 = Debug|Any CPU
		{401F3A25-ECE0-4705-88FC-EEA55369395D}.Release|Any CPU.ActiveCfg = Release|Any CPU
		{401F3A25-ECE0-4705-88FC-EEA55369395D}.Release|Any CPU.Build.0 = Release|Any CPU
	EndGlobalSection
	GlobalSection(SolutionProperties) = preSolution
		HideSolutionNode = FALSE
	EndGlobalSection
	GlobalSection(ExtensibilityGlobals) = postSolution
		SolutionGuid = {4B80D8DB-220E-4DD0-94EC-335F171EDC65}
	EndGlobalSection
EndGlobal
